
Microsoft Visual Studio Solution File, Format Version 12.00
# Visual Studio 2015
Project("{FAE04EC0-301F-11D3-BF4B-00C04F79EFBC}") = "Sensational.CSharp.Plugins", "Sensational.CSharp.Plugins.csproj", "{875B509D-961F-EBC9-1DD5-447F52480E03}"
EndProject
Project("{FAE04EC0-301F-11D3-BF4B-00C04F79EFBC}") = "Sensational.CSharp", "Sensational.CSharp.csproj", "{B9C273A9-B6A1-F23E-C695-FA0493BB3EF1}"
EndProject
Project("{FAE04EC0-301F-11D3-BF4B-00C04F79EFBC}") = "Sensational.CSharp.Editor", "Sensational.CSharp.Editor.csproj", "{8BEC1575-8860-DC06-DCC9-EC56DD19BE90}"
EndProject
Global
	GlobalSection(SolutionConfigurationPlatforms) = preSolution
		Debug|Any CPU = Debug|Any CPU
		Release|Any CPU = Release|Any CPU
	EndGlobalSection
	GlobalSection(ProjectConfigurationPlatforms) = postSolution
		{875B509D-961F-EBC9-1DD5-447F52480E03}.Debug|Any CPU.ActiveCfg = Debug|Any CPU
		{875B509D-961F-EBC9-1DD5-447F52480E03}.Debug|Any CPU.Build.0 = Debug|Any CPU
		{875B509D-961F-EBC9-1DD5-447F52480E03}.Release|Any CPU.ActiveCfg = Release|Any CPU
		{875B509D-961F-EBC9-1DD5-447F52480E03}.Release|Any CPU.Build.0 = Release|Any CPU
		{B9C273A9-B6A1-F23E-C695-FA0493BB3EF1}.Debug|Any CPU.ActiveCfg = Debug|Any CPU
		{B9C273A9-B6A1-F23E-C695-FA0493BB3EF1}.Debug|Any CPU.Build.0 = Debug|Any CPU
		{B9C273A9-B6A1-F23E-C695-FA0493BB3EF1}.Release|Any CPU.ActiveCfg = Release|Any CPU
		{B9C273A9-B6A1-F23E-C695-FA0493BB3EF1}.Release|Any CPU.Build.0 = Release|Any CPU
		{8BEC1575-8860-DC06-DCC9-EC56DD19BE90}.Debug|Any CPU.ActiveCfg = Debug|Any CPU
		{8BEC1575-8860-DC06-DCC9-EC56DD19BE90}.Debug|Any CPU.Build.0 = Debug|Any CPU
		{8BEC1575-8860-DC06-DCC9-EC56DD19BE90}.Release|Any CPU.ActiveCfg = Release|Any CPU
		{8BEC1575-8860-DC06-DCC9-EC56DD19BE90}.Release|Any CPU.Build.0 = Release|Any CPU
	EndGlobalSection
	GlobalSection(SolutionProperties) = preSolution
		HideSolutionNode = FALSE
	EndGlobalSection
EndGlobal
